
Microsoft Visual Studio Solution File, Format Version 12.00
# Visual Studio Version 16
VisualStudioVersion = 16.0.30804.86
MinimumVisualStudioVersion = 15.0.26124.0
Project("{FAE04EC0-301F-11D3-BF4B-00C04F79EFBC}") = "Freebie.Android", "Freebie\Freebie.Android\Freebie.Android.csproj", "{0A432D58-CE26-42C0-A01F-7325B4214E19}"
EndProject
Project("{FAE04EC0-301F-11D3-BF4B-00C04F79EFBC}") = "Freebie.iOS", "Freebie\Freebie.iOS\Freebie.iOS.csproj", "{13C46D9E-C388-4046-B702-2768DB6A5D31}"
EndProject
Project("{9A19103F-16F7-4668-BE54-9A1E7A4F7556}") = "Freebie", "Freebie\Freebie\Freebie.csproj", "{EC901D53-3FFC-4A45-9CE1-24F30765E8A1}"
EndProject
Global
	GlobalSection(SolutionConfigurationPlatforms) = preSolution
		Debug|Any CPU = Debug|Any CPU
		Debug|iPhone = Debug|iPhone
		Debug|iPhoneSimulator = Debug|iPhoneSimulator
		Debug|x64 = Debug|x64
		Debug|x86 = Debug|x86
		Release|Any CPU = Release|Any CPU
		Release|iPhone = Release|iPhone
		Release|iPhoneSimulator = Release|iPhoneSimulator
		Release|x64 = Release|x64
		Release|x86 = Release|x86
	EndGlobalSection
	GlobalSection(ProjectConfigurationPlatforms) = postSolution
		{0A432D58-CE26-42C0-A01F-7325B4214E19}.Debug|Any CPU.ActiveCfg = Debug|Any CPU
		{0A432D58-CE26-42C0-A01F-7325B4214E19}.Debug|Any CPU.Build.0 = Debug|Any CPU
		{0A432D58-CE26-42C0-A01F-7325B4214E19}.Debug|Any CPU.Deploy.0 = Debug|Any CPU
		{0A432D58-CE26-42C0-A01F-7325B4214E19}.Debug|iPhone.ActiveCfg = Debug|Any CPU
		{0A432D58-CE26-42C0-A01F-7325B4214E19}.Debug|iPhone.Build.0 = Debug|Any CPU
		{0A432D58-CE26-42C0-A01F-7325B4214E19}.Debug|iPhone.Deploy.0 = Debug|Any CPU
		{0A432D58-CE26-42C0-A01F-7325B4214E19}.Debug|iPhoneSimulator.ActiveCfg = Debug|Any CPU
		{0A432D58-CE26-42C0-A01F-7325B4214E19}.Debug|iPhoneSimulator.Build.0 = Debug|Any CPU
		{0A432D58-CE26-42C0-A01F-7325B4214E19}.Debug|iPhoneSimulator.Deploy.0 = Debug|Any CPU
		{0A432D58-CE26-42C0-A01F-7325B4214E19}.Debug|x64.ActiveCfg = Debug|Any CPU
		{0A432D58-CE26-42C0-A01F-7325B4214E19}.Debug|x64.Build.0 = Debug|Any CPU
		{0A432D58-CE26-42C0-A01F-7325B4214E19}.Debug|x64.Deploy.0 = Debug|Any CPU
		{0A432D58-CE26-42C0-A01F-7325B4214E19}.Debug|x86.ActiveCfg = Debug|Any CPU
		{0A432D58-CE26-42C0-A01F-7325B4214E19}.Debug|x86.Build.0 = Debug|Any CPU
		{0A432D58-CE26-42C0-A01F-7325B4214E19}.Debug|x86.Deploy.0 = Debug|Any CPU
		{0A432D58-CE26-42C0-A01F-7325B4214E19}.Release|Any CPU.ActiveCfg = Release|Any CPU
		{0A432D58-CE26-42C0-A01F-7325B4214E19}.Release|Any CPU.Build.0 = Release|Any CPU
		{0A432D58-CE26-42C0-A01F-7325B4214E19}.Release|Any CPU.Deploy.0 = Release|Any CPU
		{0A432D58-CE26-42C0-A01F-7325B4214E19}.Release|iPhone.ActiveCfg = Release|Any CPU
		{0A432D58-CE26-42C0-A01F-7325B4214E19}.Release|iPhone.Build.0 = Release|Any CPU
		{0A432D58-CE26-42C0-A01F-7325B4214E19}.Release|iPhone.Deploy.0 = Release|Any CPU
		{0A432D58-CE26-42C0-A01F-7325B4214E19}.Release|iPhoneSimulator.ActiveCfg = Release|Any CPU
		{0A432D58-CE26-42C0-A01F-7325B4214E19}.Release|iPhoneSimulator.Build.0 = Release|Any CPU
		{0A432D58-CE26-42C0-A01F-7325B4214E19}.Release|iPhoneSimulator.Deploy.0 = Release|Any CPU
		{0A432D58-CE26-42C0-A01F-7325B4214E19}.Release|x64.ActiveCfg = Release|Any CPU
		{0A432D58-CE26-42C0-A01F-7325B4214E19}.Release|x64.Build.0 = Release|Any CPU
		{0A432D58-CE26-42C0-A01F-7325B4214E19}.Release|x64.Deploy.0 = Release|Any CPU
		{0A432D58-CE26-42C0-A01F-7325B4214E19}.Release|x86.ActiveCfg = Release|Any CPU
		{0A432D58-CE26-42C0-A01F-7325B4214E19}.Release|x86.Build.0 = Release|Any CPU
		{0A432D58-CE26-42C0-A01F-7325B4214E19}.Release|x86.Deploy.0 = Release|Any CPU
		{13C46D9E-C388-4046-B702-2768DB6A5D31}.Debug|Any CPU.ActiveCfg = Debug|iPhoneSimulator
		{13C46D9E-C388-4046-B702-2768DB6A5D31}.Debug|iPhone.ActiveCfg = Debug|iPhone
		{13C46D9E-C388-4046-B702-2768DB6A5D31}.Debug|iPhone.Build.0 = Debug|iPhone
		{13C46D9E-C388-4046-B702-2768DB6A5D31}.Debug|iPhoneSimulator.ActiveCfg = Debug|iPhoneSimulator
		{13C46D9E-C388-4046-B702-2768DB6A5D31}.Debug|iPhoneSimulator.Build.0 = Debug|iPhoneSimulator
		{13C46D9E-C388-4046-B702-2768DB6A5D31}.Debug|x64.ActiveCfg = Debug|iPhoneSimulator
		{13C46D9E-C388-4046-B702-2768DB6A5D31}.Debug|x86.ActiveCfg = Debug|iPhoneSimulator
		{13C46D9E-C388-4046-B702-2768DB6A5D31}.Release|Any CPU.ActiveCfg = Release|iPhoneSimulator
		{13C46D9E-C388-4046-B702-2768DB6A5D31}.Release|iPhone.ActiveCfg = Release|iPhone
		{13C46D9E-C388-4046-B702-2768DB6A5D31}.Release|iPhone.Build.0 = Release|iPhone
		{13C46D9E-C388-4046-B702-2768DB6A5D31}.Release|iPhoneSimulator.ActiveCfg = Release|iPhoneSimulator
		{13C46D9E-C388-4046-B702-2768DB6A5D31}.Release|iPhoneSimulator.Build.0 = Release|iPhoneSimulator
		{13C46D9E-C388-4046-B702-2768DB6A5D31}.Release|x64.ActiveCfg = Release|iPhoneSimulator
		{13C46D9E-C388-4046-B702-2768DB6A5D31}.Release|x86.ActiveCfg = Release|iPhoneSimulator
		{EC901D53-3FFC-4A45-9CE1-24F30765E8A1}.Debug|Any CPU.ActiveCfg = Debug|Any CPU
		{EC901D53-3FFC-4A45-9CE1-24F30765E8A1}.Debug|Any CPU.Build.0 = Debug|Any CPU
		{EC901D53-3FFC-4A45-9CE1-24F30765E8A1}.Debug|iPhone.ActiveCfg = Debug|Any CPU
		{EC901D53-3FFC-4A45-9CE1-24F30765E8A1}.Debug|iPhone.Build.0 = Debug|Any CPU
		{EC901D53-3FFC-4A45-9CE1-24F30765E8A1}.Debug|iPhoneSimulator.ActiveCfg = Debug|Any CPU
		{EC901D53-3FFC-4A45-9CE1-24F30765E8A1}.Debug|iPhoneSimulator.Build.0 = Debug|Any CPU
		{EC901D53-3FFC-4A45-9CE1-24F30765E8A1}.Debug|x64.ActiveCfg = Debug|Any CPU
		{EC901D53-3FFC-4A45-9CE1-24F30765E8A1}.Debug|x64.Build.0 = Debug|Any CPU
		{EC901D53-3FFC-4A45-9CE1-24F30765E8A1}.Debug|x86.ActiveCfg = Debug|Any CPU
		{EC901D53-3FFC-4A45-9CE1-24F30765E8A1}.Debug|x86.Build.0 = Debug|Any CPU
		{EC901D53-3FFC-4A45-9CE1-24F30765E8A1}.Release|Any CPU.ActiveCfg = Release|Any CPU
		{EC901D53-3FFC-4A45-9CE1-24F30765E8A1}.Release|Any CPU.Build.0 = Release|Any CPU
		{EC901D53-3FFC-4A45-9CE1-24F30765E8A1}.Release|iPhone.ActiveCfg = Release|Any CPU
		{EC901D53-3FFC-4A45-9CE1-24F30765E8A1}.Release|iPhone.Build.0 = Release|Any CPU
		{EC901D53-3FFC-4A45-9CE1-24F30765E8A1}.Release|iPhoneSimulator.ActiveCfg = Release|Any CPU
		{EC901D53-3FFC-4A45-9CE1-24F30765E8A1}.Release|iPhoneSimulator.Build.0 = Release|Any CPU
		{EC901D53-3FFC-4A45-9CE1-24F30765E8A1}.Release|x64.ActiveCfg = Release|Any CPU
		{EC901D53-3FFC-4A45-9CE1-24F30765E8A1}.Release|x64.Build.0 = Release|Any CPU
		{EC901D53-3FFC-4A45-9CE1-24F30765E8A1}.Release|x86.ActiveCfg = Release|Any CPU
		{EC901D53-3FFC-4A45-9CE1-24F30765E8A1}.Release|x86.Build.0 = Release|Any CPU
	EndGlobalSection
	GlobalSection(SolutionProperties) = preSolution
		HideSolutionNode = FALSE
	EndGlobalSection
	GlobalSection(ExtensibilityGlobals) = postSolution
		SolutionGuid = {2D539D21-7F09-416A-A190-19BD56019A96}
	EndGlobalSection
EndGlobal
